
Microsoft Visual Studio Solution File, Format Version 12.00
# Visual Studio 15
VisualStudioVersion = 15.0.27130.2010
MinimumVisualStudioVersion = 10.0.40219.1
Project("{FAE04EC0-301F-11D3-BF4B-00C04F79EFBC}") = "VisualPlus", "VisualPlus\VisualPlus.csproj", "{F5712892-4BFC-428D-8E79-D09EFC42AB1A}"
EndProject
Project("{FAE04EC0-301F-11D3-BF4B-00C04F79EFBC}") = "UnitTests", "UnitTests\UnitTests.csproj", "{058F9732-2E2A-469C-8AB1-8ADF024C0D03}"
EndProject
Project("{FAE04EC0-301F-11D3-BF4B-00C04F79EFBC}") = "VisualThemeBuilder", "VisualThemeBuilder\VisualThemeBuilder.csproj", "{E875F0FB-9ACD-4AFE-BD5D-FE130E95CB3C}"
	ProjectSection(ProjectDependencies) = postProject
		{F5712892-4BFC-428D-8E79-D09EFC42AB1A} = {F5712892-4BFC-428D-8E79-D09EFC42AB1A}
	EndProjectSection
EndProject
Global
	GlobalSection(SolutionConfigurationPlatforms) = preSolution
		Debug|Any CPU = Debug|Any CPU
		Release|Any CPU = Release|Any CPU
	EndGlobalSection
	GlobalSection(ProjectConfigurationPlatforms) = postSolution
		{F5712892-4BFC-428D-8E79-D09EFC42AB1A}.Debug|Any CPU.ActiveCfg = Debug|Any CPU
		{F5712892-4BFC-428D-8E79-D09EFC42AB1A}.Debug|Any CPU.Build.0 = Debug|Any CPU
		{F5712892-4BFC-428D-8E79-D09EFC42AB1A}.Release|Any CPU.ActiveCfg = Release|Any CPU
		{F5712892-4BFC-428D-8E79-D09EFC42AB1A}.Release|Any CPU.Build.0 = Release|Any CPU
		{058F9732-2E2A-469C-8AB1-8ADF024C0D03}.Debug|Any CPU.ActiveCfg = Debug|Any CPU
		{058F9732-2E2A-469C-8AB1-8ADF024C0D03}.Debug|Any CPU.Build.0 = Debug|Any CPU
		{058F9732-2E2A-469C-8AB1-8ADF024C0D03}.Release|Any CPU.ActiveCfg = Release|Any CPU
		{058F9732-2E2A-469C-8AB1-8ADF024C0D03}.Release|Any CPU.Build.0 = Release|Any CPU
		{E875F0FB-9ACD-4AFE-BD5D-FE130E95CB3C}.Debug|Any CPU.ActiveCfg = Debug|Any CPU
		{E875F0FB-9ACD-4AFE-BD5D-FE130E95CB3C}.Debug|Any CPU.Build.0 = Debug|Any CPU
		{E875F0FB-9ACD-4AFE-BD5D-FE130E95CB3C}.Release|Any CPU.ActiveCfg = Release|Any CPU
		{E875F0FB-9ACD-4AFE-BD5D-FE130E95CB3C}.Release|Any CPU.Build.0 = Release|Any CPU
	EndGlobalSection
	GlobalSection(SolutionProperties) = preSolution
		HideSolutionNode = FALSE
	EndGlobalSection
	GlobalSection(ExtensibilityGlobals) = postSolution
		SolutionGuid = {4DA12E36-7DDB-4339-9915-F56595861CFE}
	EndGlobalSection
EndGlobal
